// !$*UTF8*$!
{
	archiveVersion = 1;
	classes = {
	};
	objectVersion = 55;
	objects = {

/* Begin PBXBuildFile section */
		7620AF6E27B4060A0081C210 /* RangeFactory.cpp in Sources */ = {isa = PBXBuildFile; fileRef = 7620AF6C27B4060A0081C210 /* RangeFactory.cpp */; };
		7620AF7127B406F70081C210 /* RangeFactoryKernel.cpp in Sources */ = {isa = PBXBuildFile; fileRef = 7620AF6F27B406F70081C210 /* RangeFactoryKernel.cpp */; };
		7620AF7427B4F3F50081C210 /* TensorMaker.cpp in Sources */ = {isa = PBXBuildFile; fileRef = 7620AF7227B4F3F50081C210 /* TensorMaker.cpp */; };
		7620AF7727B536330081C210 /* TensorCopy.cpp in Sources */ = {isa = PBXBuildFile; fileRef = 7620AF7527B536330081C210 /* TensorCopy.cpp */; };
		7620AF7A27B53BAE0081C210 /* TensorCopyKernel.cpp in Sources */ = {isa = PBXBuildFile; fileRef = 7620AF7827B53BAE0081C210 /* TensorCopyKernel.cpp */; };
		7620AF7E27B550200081C210 /* TensorShape.cpp in Sources */ = {isa = PBXBuildFile; fileRef = 7620AF7C27B550200081C210 /* TensorShape.cpp */; };
		7620AF8127B552B20081C210 /* WarpDimUtils.cpp in Sources */ = {isa = PBXBuildFile; fileRef = 7620AF7F27B552B20081C210 /* WarpDimUtils.cpp */; };
		7620AF8327B583570081C210 /* libomp.dylib in Frameworks */ = {isa = PBXBuildFile; fileRef = 7620AF8227B583570081C210 /* libomp.dylib */; };
		7620AF8627B5899A0081C210 /* Formatting.cpp in Sources */ = {isa = PBXBuildFile; fileRef = 7620AF8427B589990081C210 /* Formatting.cpp */; };
		7620AF8927B593C00081C210 /* TensorUtils.cpp in Sources */ = {isa = PBXBuildFile; fileRef = 7620AF8727B593C00081C210 /* TensorUtils.cpp */; };
		762E3B2D27BACA050075F983 /* TensorAccessor.cpp in Sources */ = {isa = PBXBuildFile; fileRef = 762E3B2B27BACA050075F983 /* TensorAccessor.cpp */; };
		76E6C50B27A502680036A26F /* main.cpp in Sources */ = {isa = PBXBuildFile; fileRef = 76E6C50A27A502680036A26F /* main.cpp */; };
		76E6C51327A502A30036A26F /* Tensor.cpp in Sources */ = {isa = PBXBuildFile; fileRef = 76E6C51127A502A30036A26F /* Tensor.cpp */; };
		76E6C51627A502F60036A26F /* Memory.cpp in Sources */ = {isa = PBXBuildFile; fileRef = 76E6C51427A502F60036A26F /* Memory.cpp */; };
		76E6C51927A5038F0036A26F /* Allocator.cpp in Sources */ = {isa = PBXBuildFile; fileRef = 76E6C51727A5038F0036A26F /* Allocator.cpp */; };
		76E6C51C27A504000036A26F /* DType.cpp in Sources */ = {isa = PBXBuildFile; fileRef = 76E6C51A27A504000036A26F /* DType.cpp */; };
		76E6C51F27A504C80036A26F /* ScalarType.cpp in Sources */ = {isa = PBXBuildFile; fileRef = 76E6C51D27A504C80036A26F /* ScalarType.cpp */; };
		76E6C52227A504FC0036A26F /* PerspectiveView.cpp in Sources */ = {isa = PBXBuildFile; fileRef = 76E6C52027A504FC0036A26F /* PerspectiveView.cpp */; };
		76E6C52527A505250036A26F /* ArrayRef.cpp in Sources */ = {isa = PBXBuildFile; fileRef = 76E6C52327A505250036A26F /* ArrayRef.cpp */; };
		76E6C52827A505700036A26F /* SmallVector.cpp in Sources */ = {isa = PBXBuildFile; fileRef = 76E6C52627A505700036A26F /* SmallVector.cpp */; };
		76E6C52B27A505D50036A26F /* MaybeOwned.cpp in Sources */ = {isa = PBXBuildFile; fileRef = 76E6C52927A505D50036A26F /* MaybeOwned.cpp */; };
		76E6C52E27A505FE0036A26F /* TensorOptions.cpp in Sources */ = {isa = PBXBuildFile; fileRef = 76E6C52C27A505FE0036A26F /* TensorOptions.cpp */; };
		76E6C53127A506C50036A26F /* TensorFactory.cpp in Sources */ = {isa = PBXBuildFile; fileRef = 76E6C52F27A506C50036A26F /* TensorFactory.cpp */; };
		76E6C53427A506E90036A26F /* Accumulator.cpp in Sources */ = {isa = PBXBuildFile; fileRef = 76E6C53227A506E90036A26F /* Accumulator.cpp */; };
		76E6C53A27A510F30036A26F /* Parallel.cpp in Sources */ = {isa = PBXBuildFile; fileRef = 76E6C53827A510F30036A26F /* Parallel.cpp */; };
		76E6C53E27A511B50036A26F /* ParallelOpenMP.cpp in Sources */ = {isa = PBXBuildFile; fileRef = 76E6C53C27A511B50036A26F /* ParallelOpenMP.cpp */; };
		76E6C54227A5124A0036A26F /* ThreadPool.cpp in Sources */ = {isa = PBXBuildFile; fileRef = 76E6C54027A5124A0036A26F /* ThreadPool.cpp */; };
		76E6C54527A5132B0036A26F /* Utils.cpp in Sources */ = {isa = PBXBuildFile; fileRef = 76E6C54327A5132B0036A26F /* Utils.cpp */; };
		76E6C54827A513A10036A26F /* TensorIterator.cpp in Sources */ = {isa = PBXBuildFile; fileRef = 76E6C54627A513A10036A26F /* TensorIterator.cpp */; };
		76E6C54B27A513D50036A26F /* SmallBuffer.cpp in Sources */ = {isa = PBXBuildFile; fileRef = 76E6C54927A513D50036A26F /* SmallBuffer.cpp */; };
		76E6C54E27A53AAA0036A26F /* TensorResize.cpp in Sources */ = {isa = PBXBuildFile; fileRef = 76E6C54C27A53AAA0036A26F /* TensorResize.cpp */; };
		76E6C55127A553550036A26F /* FunctionRef.cpp in Sources */ = {isa = PBXBuildFile; fileRef = 76E6C54F27A553550036A26F /* FunctionRef.cpp */; };
		76E6C55427A578980036A26F /* Loop.cpp in Sources */ = {isa = PBXBuildFile; fileRef = 76E6C55227A578980036A26F /* Loop.cpp */; };
		76E6C55727A57AAD0036A26F /* Function_Trait.cpp in Sources */ = {isa = PBXBuildFile; fileRef = 76E6C55527A57AAD0036A26F /* Function_Trait.cpp */; };
		76E6C55A27A57BE00036A26F /* C++17.cpp in Sources */ = {isa = PBXBuildFile; fileRef = 76E6C55827A57BE00036A26F /* C++17.cpp */; };
		76F0063A27B64D63009D67F5 /* TensorBlas.cpp in Sources */ = {isa = PBXBuildFile; fileRef = 76F0063827B64D63009D67F5 /* TensorBlas.cpp */; };
		76F0064027B66DEF009D67F5 /* MemoryFormat.cpp in Sources */ = {isa = PBXBuildFile; fileRef = 76F0063E27B66DEF009D67F5 /* MemoryFormat.cpp */; };
		76F0064327B67E4C009D67F5 /* TensorProperties.cpp in Sources */ = {isa = PBXBuildFile; fileRef = 76F0064127B67E4C009D67F5 /* TensorProperties.cpp */; };
		76F0064627B6BF60009D67F5 /* TensorLinearAlgebra.cpp in Sources */ = {isa = PBXBuildFile; fileRef = 76F0064427B6BF60009D67F5 /* TensorLinearAlgebra.cpp */; };
		76F0064927B6CCA9009D67F5 /* TensorBlasKernel.cpp in Sources */ = {isa = PBXBuildFile; fileRef = 76F0064727B6CCA9009D67F5 /* TensorBlasKernel.cpp */; };
		76F0064C27B7FC09009D67F5 /* ExpandUtils.cpp in Sources */ = {isa = PBXBuildFile; fileRef = 76F0064A27B7FC09009D67F5 /* ExpandUtils.cpp */; };
		76F336BE27A5B52300E3AEF1 /* BinaryOpsKernel.cpp in Sources */ = {isa = PBXBuildFile; fileRef = 76F336BC27A5B52300E3AEF1 /* BinaryOpsKernel.cpp */; };
		76F336C127A5B61E00E3AEF1 /* Scalar.cpp in Sources */ = {isa = PBXBuildFile; fileRef = 76F336BF27A5B61E00E3AEF1 /* Scalar.cpp */; };
		76F336C427A5B9B800E3AEF1 /* Dispatch.cpp in Sources */ = {isa = PBXBuildFile; fileRef = 76F336C227A5B9B800E3AEF1 /* Dispatch.cpp */; };
		76F336C727A5CEEC00E3AEF1 /* DispatchStub.cpp in Sources */ = {isa = PBXBuildFile; fileRef = 76F336C527A5CEEC00E3AEF1 /* DispatchStub.cpp */; };
		76F336CA27A5D02700E3AEF1 /* Device.cpp in Sources */ = {isa = PBXBuildFile; fileRef = 76F336C827A5D02700E3AEF1 /* Device.cpp */; };
		76F336CD27A5D17E00E3AEF1 /* BinaryOps.cpp in Sources */ = {isa = PBXBuildFile; fileRef = 76F336CB27A5D17E00E3AEF1 /* BinaryOps.cpp */; };
		76F336D027A660D800E3AEF1 /* Fill.cpp in Sources */ = {isa = PBXBuildFile; fileRef = 76F336CE27A660D800E3AEF1 /* Fill.cpp */; };
		76F336D327A668D900E3AEF1 /* FillKernel.cpp in Sources */ = {isa = PBXBuildFile; fileRef = 76F336D127A668D900E3AEF1 /* FillKernel.cpp */; };
		76F336D627A7AD1600E3AEF1 /* TensorFunction.cpp in Sources */ = {isa = PBXBuildFile; fileRef = 76F336D427A7AD1600E3AEF1 /* TensorFunction.cpp */; };
		76F336D927A816E200E3AEF1 /* ExclusivelyOwned.cpp in Sources */ = {isa = PBXBuildFile; fileRef = 76F336D727A816E200E3AEF1 /* ExclusivelyOwned.cpp */; };
		76F336DD27A8FCE600E3AEF1 /* EmptyTensor.cpp in Sources */ = {isa = PBXBuildFile; fileRef = 76F336DB27A8FCE600E3AEF1 /* EmptyTensor.cpp */; };
		76F336E027A90E8E00E3AEF1 /* TensorBase.cpp in Sources */ = {isa = PBXBuildFile; fileRef = 76F336DE27A90E8E00E3AEF1 /* TensorBase.cpp */; };
		76F336E327AD6DB000E3AEF1 /* RefPtr.cpp in Sources */ = {isa = PBXBuildFile; fileRef = 76F336E127AD6DB000E3AEF1 /* RefPtr.cpp */; };
		76F336E627AEA7E400E3AEF1 /* TensorOperator.cpp in Sources */ = {isa = PBXBuildFile; fileRef = 76F336E427AEA7E300E3AEF1 /* TensorOperator.cpp */; };
		76F336E927AED61200E3AEF1 /* ScalarOps.cpp in Sources */ = {isa = PBXBuildFile; fileRef = 76F336E727AED61100E3AEF1 /* ScalarOps.cpp */; };
		76F336EC27AEEC9500E3AEF1 /* UnaryOps.cpp in Sources */ = {isa = PBXBuildFile; fileRef = 76F336EA27AEEC9400E3AEF1 /* UnaryOps.cpp */; };
		76F336EF27AEF75000E3AEF1 /* UnaryOpsKernel.cpp in Sources */ = {isa = PBXBuildFile; fileRef = 76F336ED27AEF75000E3AEF1 /* UnaryOpsKernel.cpp */; };
		76F336F227AF133300E3AEF1 /* TensorConversion.cpp in Sources */ = {isa = PBXBuildFile; fileRef = 76F336F027AF133300E3AEF1 /* TensorConversion.cpp */; };
		76F3378227B3AA7B00E3AEF1 /* Math.cpp in Sources */ = {isa = PBXBuildFile; fileRef = 76F3378027B3AA7B00E3AEF1 /* Math.cpp */; };
/* End PBXBuildFile section */

/* Begin PBXCopyFilesBuildPhase section */
		76E6C50527A502680036A26F /* CopyFiles */ = {
			isa = PBXCopyFilesBuildPhase;
			buildActionMask = 2147483647;
			dstPath = /usr/share/man/man1/;
			dstSubfolderSpec = 0;
			files = (
			);
			runOnlyForDeploymentPostprocessing = 1;
		};
/* End PBXCopyFilesBuildPhase section */

/* Begin PBXFileReference section */
		7620AF6C27B4060A0081C210 /* RangeFactory.cpp */ = {isa = PBXFileReference; lastKnownFileType = sourcecode.cpp.cpp; path = RangeFactory.cpp; sourceTree = "<group>"; };
		7620AF6D27B4060A0081C210 /* RangeFactory.hpp */ = {isa = PBXFileReference; lastKnownFileType = sourcecode.cpp.h; path = RangeFactory.hpp; sourceTree = "<group>"; };
		7620AF6F27B406F70081C210 /* RangeFactoryKernel.cpp */ = {isa = PBXFileReference; lastKnownFileType = sourcecode.cpp.cpp; path = RangeFactoryKernel.cpp; sourceTree = "<group>"; };
		7620AF7027B406F70081C210 /* RangeFactoryKernel.hpp */ = {isa = PBXFileReference; lastKnownFileType = sourcecode.cpp.h; path = RangeFactoryKernel.hpp; sourceTree = "<group>"; };
		7620AF7227B4F3F50081C210 /* TensorMaker.cpp */ = {isa = PBXFileReference; lastKnownFileType = sourcecode.cpp.cpp; path = TensorMaker.cpp; sourceTree = "<group>"; };
		7620AF7327B4F3F50081C210 /* TensorMaker.hpp */ = {isa = PBXFileReference; lastKnownFileType = sourcecode.cpp.h; path = TensorMaker.hpp; sourceTree = "<group>"; };
		7620AF7527B536330081C210 /* TensorCopy.cpp */ = {isa = PBXFileReference; lastKnownFileType = sourcecode.cpp.cpp; path = TensorCopy.cpp; sourceTree = "<group>"; };
		7620AF7627B536330081C210 /* TensorCopy.hpp */ = {isa = PBXFileReference; lastKnownFileType = sourcecode.cpp.h; path = TensorCopy.hpp; sourceTree = "<group>"; };
		7620AF7827B53BAE0081C210 /* TensorCopyKernel.cpp */ = {isa = PBXFileReference; lastKnownFileType = sourcecode.cpp.cpp; path = TensorCopyKernel.cpp; sourceTree = "<group>"; };
		7620AF7927B53BAE0081C210 /* TensorCopyKernel.hpp */ = {isa = PBXFileReference; lastKnownFileType = sourcecode.cpp.h; path = TensorCopyKernel.hpp; sourceTree = "<group>"; };
		7620AF7B27B53DF90081C210 /* TypeCast.hpp */ = {isa = PBXFileReference; lastKnownFileType = sourcecode.cpp.h; path = TypeCast.hpp; sourceTree = "<group>"; };
		7620AF7C27B550200081C210 /* TensorShape.cpp */ = {isa = PBXFileReference; lastKnownFileType = sourcecode.cpp.cpp; path = TensorShape.cpp; sourceTree = "<group>"; };
		7620AF7D27B550200081C210 /* TensorShape.hpp */ = {isa = PBXFileReference; lastKnownFileType = sourcecode.cpp.h; path = TensorShape.hpp; sourceTree = "<group>"; };
		7620AF7F27B552B20081C210 /* WarpDimUtils.cpp */ = {isa = PBXFileReference; lastKnownFileType = sourcecode.cpp.cpp; path = WarpDimUtils.cpp; sourceTree = "<group>"; };
		7620AF8027B552B20081C210 /* WarpDimUtils.hpp */ = {isa = PBXFileReference; lastKnownFileType = sourcecode.cpp.h; path = WarpDimUtils.hpp; sourceTree = "<group>"; };
		7620AF8227B583570081C210 /* libomp.dylib */ = {isa = PBXFileReference; lastKnownFileType = "compiled.mach-o.dylib"; name = libomp.dylib; path = ../../../../../usr/local/Cellar/llvm/13.0.1/lib/libomp.dylib; sourceTree = "<group>"; };
		7620AF8427B589990081C210 /* Formatting.cpp */ = {isa = PBXFileReference; lastKnownFileType = sourcecode.cpp.cpp; path = Formatting.cpp; sourceTree = "<group>"; };
		7620AF8527B589990081C210 /* Formatting.hpp */ = {isa = PBXFileReference; lastKnownFileType = sourcecode.cpp.h; path = Formatting.hpp; sourceTree = "<group>"; };
		7620AF8727B593C00081C210 /* TensorUtils.cpp */ = {isa = PBXFileReference; lastKnownFileType = sourcecode.cpp.cpp; path = TensorUtils.cpp; sourceTree = "<group>"; };
		7620AF8827B593C00081C210 /* TensorUtils.hpp */ = {isa = PBXFileReference; lastKnownFileType = sourcecode.cpp.h; path = TensorUtils.hpp; sourceTree = "<group>"; };
		762E3B2B27BACA050075F983 /* TensorAccessor.cpp */ = {isa = PBXFileReference; lastKnownFileType = sourcecode.cpp.cpp; path = TensorAccessor.cpp; sourceTree = "<group>"; };
		762E3B2C27BACA050075F983 /* TensorAccessor.hpp */ = {isa = PBXFileReference; lastKnownFileType = sourcecode.cpp.h; path = TensorAccessor.hpp; sourceTree = "<group>"; };
		76E6C50727A502680036A26F /* Tensor */ = {isa = PBXFileReference; explicitFileType = "compiled.mach-o.executable"; includeInIndex = 0; path = Tensor; sourceTree = BUILT_PRODUCTS_DIR; };
		76E6C50A27A502680036A26F /* main.cpp */ = {isa = PBXFileReference; lastKnownFileType = sourcecode.cpp.cpp; path = main.cpp; sourceTree = "<group>"; };
		76E6C51127A502A30036A26F /* Tensor.cpp */ = {isa = PBXFileReference; lastKnownFileType = sourcecode.cpp.cpp; path = Tensor.cpp; sourceTree = "<group>"; };
		76E6C51227A502A30036A26F /* Tensor.hpp */ = {isa = PBXFileReference; lastKnownFileType = sourcecode.cpp.h; path = Tensor.hpp; sourceTree = "<group>"; };
		76E6C51427A502F60036A26F /* Memory.cpp */ = {isa = PBXFileReference; lastKnownFileType = sourcecode.cpp.cpp; path = Memory.cpp; sourceTree = "<group>"; };
		76E6C51527A502F60036A26F /* Memory.hpp */ = {isa = PBXFileReference; lastKnownFileType = sourcecode.cpp.h; path = Memory.hpp; sourceTree = "<group>"; };
		76E6C51727A5038F0036A26F /* Allocator.cpp */ = {isa = PBXFileReference; lastKnownFileType = sourcecode.cpp.cpp; path = Allocator.cpp; sourceTree = "<group>"; };
		76E6C51827A5038F0036A26F /* Allocator.hpp */ = {isa = PBXFileReference; lastKnownFileType = sourcecode.cpp.h; path = Allocator.hpp; sourceTree = "<group>"; };
		76E6C51A27A504000036A26F /* DType.cpp */ = {isa = PBXFileReference; lastKnownFileType = sourcecode.cpp.cpp; path = DType.cpp; sourceTree = "<group>"; };
		76E6C51B27A504000036A26F /* DType.hpp */ = {isa = PBXFileReference; lastKnownFileType = sourcecode.cpp.h; path = DType.hpp; sourceTree = "<group>"; };
		76E6C51D27A504C80036A26F /* ScalarType.cpp */ = {isa = PBXFileReference; lastKnownFileType = sourcecode.cpp.cpp; path = ScalarType.cpp; sourceTree = "<group>"; };
		76E6C51E27A504C80036A26F /* ScalarType.hpp */ = {isa = PBXFileReference; lastKnownFileType = sourcecode.cpp.h; path = ScalarType.hpp; sourceTree = "<group>"; };
		76E6C52027A504FC0036A26F /* PerspectiveView.cpp */ = {isa = PBXFileReference; lastKnownFileType = sourcecode.cpp.cpp; path = PerspectiveView.cpp; sourceTree = "<group>"; };
		76E6C52127A504FC0036A26F /* PerspectiveView.hpp */ = {isa = PBXFileReference; lastKnownFileType = sourcecode.cpp.h; path = PerspectiveView.hpp; sourceTree = "<group>"; };
		76E6C52327A505250036A26F /* ArrayRef.cpp */ = {isa = PBXFileReference; lastKnownFileType = sourcecode.cpp.cpp; path = ArrayRef.cpp; sourceTree = "<group>"; };
		76E6C52427A505250036A26F /* ArrayRef.hpp */ = {isa = PBXFileReference; lastKnownFileType = sourcecode.cpp.h; path = ArrayRef.hpp; sourceTree = "<group>"; };
		76E6C52627A505700036A26F /* SmallVector.cpp */ = {isa = PBXFileReference; lastKnownFileType = sourcecode.cpp.cpp; path = SmallVector.cpp; sourceTree = "<group>"; };
		76E6C52727A505700036A26F /* SmallVector.hpp */ = {isa = PBXFileReference; lastKnownFileType = sourcecode.cpp.h; path = SmallVector.hpp; sourceTree = "<group>"; };
		76E6C52927A505D50036A26F /* MaybeOwned.cpp */ = {isa = PBXFileReference; lastKnownFileType = sourcecode.cpp.cpp; path = MaybeOwned.cpp; sourceTree = "<group>"; };
		76E6C52A27A505D50036A26F /* MaybeOwned.hpp */ = {isa = PBXFileReference; lastKnownFileType = sourcecode.cpp.h; path = MaybeOwned.hpp; sourceTree = "<group>"; };
		76E6C52C27A505FE0036A26F /* TensorOptions.cpp */ = {isa = PBXFileReference; lastKnownFileType = sourcecode.cpp.cpp; path = TensorOptions.cpp; sourceTree = "<group>"; };
		76E6C52D27A505FE0036A26F /* TensorOptions.hpp */ = {isa = PBXFileReference; lastKnownFileType = sourcecode.cpp.h; path = TensorOptions.hpp; sourceTree = "<group>"; };
		76E6C52F27A506C50036A26F /* TensorFactory.cpp */ = {isa = PBXFileReference; lastKnownFileType = sourcecode.cpp.cpp; path = TensorFactory.cpp; sourceTree = "<group>"; };
		76E6C53027A506C50036A26F /* TensorFactory.hpp */ = {isa = PBXFileReference; lastKnownFileType = sourcecode.cpp.h; path = TensorFactory.hpp; sourceTree = "<group>"; };
		76E6C53227A506E90036A26F /* Accumulator.cpp */ = {isa = PBXFileReference; lastKnownFileType = sourcecode.cpp.cpp; path = Accumulator.cpp; sourceTree = "<group>"; };
		76E6C53327A506E90036A26F /* Accumulator.hpp */ = {isa = PBXFileReference; lastKnownFileType = sourcecode.cpp.h; path = Accumulator.hpp; sourceTree = "<group>"; };
		76E6C53627A50F4A0036A26F /* libomp.dylib */ = {isa = PBXFileReference; lastKnownFileType = "compiled.mach-o.dylib"; name = libomp.dylib; path = ../../../../../usr/local/Cellar/llvm/13.0.0_2/lib/libomp.dylib; sourceTree = "<group>"; };
		76E6C53827A510F30036A26F /* Parallel.cpp */ = {isa = PBXFileReference; lastKnownFileType = sourcecode.cpp.cpp; path = Parallel.cpp; sourceTree = "<group>"; };
		76E6C53927A510F30036A26F /* Parallel.hpp */ = {isa = PBXFileReference; lastKnownFileType = sourcecode.cpp.h; path = Parallel.hpp; sourceTree = "<group>"; };
		76E6C53B27A511570036A26F /* Config.hpp */ = {isa = PBXFileReference; lastKnownFileType = sourcecode.cpp.h; path = Config.hpp; sourceTree = "<group>"; };
		76E6C53C27A511B50036A26F /* ParallelOpenMP.cpp */ = {isa = PBXFileReference; lastKnownFileType = sourcecode.cpp.cpp; path = ParallelOpenMP.cpp; sourceTree = "<group>"; };
		76E6C53D27A511B50036A26F /* ParallelOpenMP.hpp */ = {isa = PBXFileReference; lastKnownFileType = sourcecode.cpp.h; path = ParallelOpenMP.hpp; sourceTree = "<group>"; };
		76E6C53F27A512090036A26F /* Parallel-inline.hpp */ = {isa = PBXFileReference; lastKnownFileType = sourcecode.cpp.h; path = "Parallel-inline.hpp"; sourceTree = "<group>"; };
		76E6C54027A5124A0036A26F /* ThreadPool.cpp */ = {isa = PBXFileReference; lastKnownFileType = sourcecode.cpp.cpp; path = ThreadPool.cpp; sourceTree = "<group>"; };
		76E6C54127A5124A0036A26F /* ThreadPool.hpp */ = {isa = PBXFileReference; lastKnownFileType = sourcecode.cpp.h; path = ThreadPool.hpp; sourceTree = "<group>"; };
		76E6C54327A5132B0036A26F /* Utils.cpp */ = {isa = PBXFileReference; lastKnownFileType = sourcecode.cpp.cpp; path = Utils.cpp; sourceTree = "<group>"; };
		76E6C54427A5132B0036A26F /* Utils.hpp */ = {isa = PBXFileReference; lastKnownFileType = sourcecode.cpp.h; path = Utils.hpp; sourceTree = "<group>"; };
		76E6C54627A513A10036A26F /* TensorIterator.cpp */ = {isa = PBXFileReference; lastKnownFileType = sourcecode.cpp.cpp; path = TensorIterator.cpp; sourceTree = "<group>"; };
		76E6C54727A513A10036A26F /* TensorIterator.hpp */ = {isa = PBXFileReference; lastKnownFileType = sourcecode.cpp.h; path = TensorIterator.hpp; sourceTree = "<group>"; };
		76E6C54927A513D50036A26F /* SmallBuffer.cpp */ = {isa = PBXFileReference; lastKnownFileType = sourcecode.cpp.cpp; path = SmallBuffer.cpp; sourceTree = "<group>"; };
		76E6C54A27A513D50036A26F /* SmallBuffer.hpp */ = {isa = PBXFileReference; lastKnownFileType = sourcecode.cpp.h; path = SmallBuffer.hpp; sourceTree = "<group>"; };
		76E6C54C27A53AAA0036A26F /* TensorResize.cpp */ = {isa = PBXFileReference; lastKnownFileType = sourcecode.cpp.cpp; path = TensorResize.cpp; sourceTree = "<group>"; };
		76E6C54D27A53AAA0036A26F /* TensorResize.hpp */ = {isa = PBXFileReference; lastKnownFileType = sourcecode.cpp.h; path = TensorResize.hpp; sourceTree = "<group>"; };
		76E6C54F27A553550036A26F /* FunctionRef.cpp */ = {isa = PBXFileReference; lastKnownFileType = sourcecode.cpp.cpp; path = FunctionRef.cpp; sourceTree = "<group>"; };
		76E6C55027A553550036A26F /* FunctionRef.hpp */ = {isa = PBXFileReference; lastKnownFileType = sourcecode.cpp.h; path = FunctionRef.hpp; sourceTree = "<group>"; };
		76E6C55227A578980036A26F /* Loop.cpp */ = {isa = PBXFileReference; lastKnownFileType = sourcecode.cpp.cpp; path = Loop.cpp; sourceTree = "<group>"; };
		76E6C55327A578980036A26F /* Loop.hpp */ = {isa = PBXFileReference; lastKnownFileType = sourcecode.cpp.h; path = Loop.hpp; sourceTree = "<group>"; };
		76E6C55527A57AAD0036A26F /* Function_Trait.cpp */ = {isa = PBXFileReference; lastKnownFileType = sourcecode.cpp.cpp; path = Function_Trait.cpp; sourceTree = "<group>"; };
		76E6C55627A57AAD0036A26F /* Function_Trait.hpp */ = {isa = PBXFileReference; lastKnownFileType = sourcecode.cpp.h; path = Function_Trait.hpp; sourceTree = "<group>"; };
		76E6C55827A57BE00036A26F /* C++17.cpp */ = {isa = PBXFileReference; lastKnownFileType = sourcecode.cpp.cpp; path = "C++17.cpp"; sourceTree = "<group>"; };
		76E6C55927A57BE00036A26F /* C++17.hpp */ = {isa = PBXFileReference; lastKnownFileType = sourcecode.cpp.h; path = "C++17.hpp"; sourceTree = "<group>"; };
		76F0063827B64D63009D67F5 /* TensorBlas.cpp */ = {isa = PBXFileReference; lastKnownFileType = sourcecode.cpp.cpp; path = TensorBlas.cpp; sourceTree = "<group>"; };
		76F0063927B64D63009D67F5 /* TensorBlas.hpp */ = {isa = PBXFileReference; lastKnownFileType = sourcecode.cpp.h; path = TensorBlas.hpp; sourceTree = "<group>"; };
		76F0063E27B66DEF009D67F5 /* MemoryFormat.cpp */ = {isa = PBXFileReference; lastKnownFileType = sourcecode.cpp.cpp; path = MemoryFormat.cpp; sourceTree = "<group>"; };
		76F0063F27B66DEF009D67F5 /* MemoryFormat.hpp */ = {isa = PBXFileReference; lastKnownFileType = sourcecode.cpp.h; path = MemoryFormat.hpp; sourceTree = "<group>"; };
		76F0064127B67E4C009D67F5 /* TensorProperties.cpp */ = {isa = PBXFileReference; lastKnownFileType = sourcecode.cpp.cpp; path = TensorProperties.cpp; sourceTree = "<group>"; };
		76F0064227B67E4C009D67F5 /* TensorProperties.hpp */ = {isa = PBXFileReference; lastKnownFileType = sourcecode.cpp.h; path = TensorProperties.hpp; sourceTree = "<group>"; };
		76F0064427B6BF60009D67F5 /* TensorLinearAlgebra.cpp */ = {isa = PBXFileReference; lastKnownFileType = sourcecode.cpp.cpp; path = TensorLinearAlgebra.cpp; sourceTree = "<group>"; };
		76F0064527B6BF60009D67F5 /* TensorLinearAlgebra.hpp */ = {isa = PBXFileReference; lastKnownFileType = sourcecode.cpp.h; path = TensorLinearAlgebra.hpp; sourceTree = "<group>"; };
		76F0064727B6CCA9009D67F5 /* TensorBlasKernel.cpp */ = {isa = PBXFileReference; lastKnownFileType = sourcecode.cpp.cpp; path = TensorBlasKernel.cpp; sourceTree = "<group>"; };
		76F0064827B6CCA9009D67F5 /* TensorBlasKernel.hpp */ = {isa = PBXFileReference; lastKnownFileType = sourcecode.cpp.h; path = TensorBlasKernel.hpp; sourceTree = "<group>"; };
		76F0064A27B7FC09009D67F5 /* ExpandUtils.cpp */ = {isa = PBXFileReference; lastKnownFileType = sourcecode.cpp.cpp; path = ExpandUtils.cpp; sourceTree = "<group>"; };
		76F0064B27B7FC09009D67F5 /* ExpandUtils.hpp */ = {isa = PBXFileReference; lastKnownFileType = sourcecode.cpp.h; path = ExpandUtils.hpp; sourceTree = "<group>"; };
		76F336BC27A5B52300E3AEF1 /* BinaryOpsKernel.cpp */ = {isa = PBXFileReference; lastKnownFileType = sourcecode.cpp.cpp; path = BinaryOpsKernel.cpp; sourceTree = "<group>"; };
		76F336BD27A5B52300E3AEF1 /* BinaryOpsKernel.hpp */ = {isa = PBXFileReference; lastKnownFileType = sourcecode.cpp.h; path = BinaryOpsKernel.hpp; sourceTree = "<group>"; };
		76F336BF27A5B61E00E3AEF1 /* Scalar.cpp */ = {isa = PBXFileReference; lastKnownFileType = sourcecode.cpp.cpp; path = Scalar.cpp; sourceTree = "<group>"; };
		76F336C027A5B61E00E3AEF1 /* Scalar.hpp */ = {isa = PBXFileReference; lastKnownFileType = sourcecode.cpp.h; path = Scalar.hpp; sourceTree = "<group>"; };
		76F336C227A5B9B800E3AEF1 /* Dispatch.cpp */ = {isa = PBXFileReference; lastKnownFileType = sourcecode.cpp.cpp; path = Dispatch.cpp; sourceTree = "<group>"; };
		76F336C327A5B9B800E3AEF1 /* Dispatch.hpp */ = {isa = PBXFileReference; lastKnownFileType = sourcecode.cpp.h; path = Dispatch.hpp; sourceTree = "<group>"; };
		76F336C527A5CEEC00E3AEF1 /* DispatchStub.cpp */ = {isa = PBXFileReference; lastKnownFileType = sourcecode.cpp.cpp; path = DispatchStub.cpp; sourceTree = "<group>"; };
		76F336C627A5CEEC00E3AEF1 /* DispatchStub.hpp */ = {isa = PBXFileReference; lastKnownFileType = sourcecode.cpp.h; path = DispatchStub.hpp; sourceTree = "<group>"; };
		76F336C827A5D02700E3AEF1 /* Device.cpp */ = {isa = PBXFileReference; lastKnownFileType = sourcecode.cpp.cpp; path = Device.cpp; sourceTree = "<group>"; };
		76F336C927A5D02700E3AEF1 /* Device.hpp */ = {isa = PBXFileReference; lastKnownFileType = sourcecode.cpp.h; path = Device.hpp; sourceTree = "<group>"; };
		76F336CB27A5D17E00E3AEF1 /* BinaryOps.cpp */ = {isa = PBXFileReference; lastKnownFileType = sourcecode.cpp.cpp; path = BinaryOps.cpp; sourceTree = "<group>"; };
		76F336CC27A5D17E00E3AEF1 /* BinaryOps.hpp */ = {isa = PBXFileReference; lastKnownFileType = sourcecode.cpp.h; path = BinaryOps.hpp; sourceTree = "<group>"; };
		76F336CE27A660D800E3AEF1 /* Fill.cpp */ = {isa = PBXFileReference; lastKnownFileType = sourcecode.cpp.cpp; path = Fill.cpp; sourceTree = "<group>"; };
		76F336CF27A660D800E3AEF1 /* Fill.hpp */ = {isa = PBXFileReference; lastKnownFileType = sourcecode.cpp.h; path = Fill.hpp; sourceTree = "<group>"; };
		76F336D127A668D900E3AEF1 /* FillKernel.cpp */ = {isa = PBXFileReference; lastKnownFileType = sourcecode.cpp.cpp; path = FillKernel.cpp; sourceTree = "<group>"; };
		76F336D227A668D900E3AEF1 /* FillKernel.hpp */ = {isa = PBXFileReference; lastKnownFileType = sourcecode.cpp.h; path = FillKernel.hpp; sourceTree = "<group>"; };
		76F336D427A7AD1600E3AEF1 /* TensorFunction.cpp */ = {isa = PBXFileReference; lastKnownFileType = sourcecode.cpp.cpp; path = TensorFunction.cpp; sourceTree = "<group>"; };
		76F336D527A7AD1600E3AEF1 /* TensorFunction.hpp */ = {isa = PBXFileReference; lastKnownFileType = sourcecode.cpp.h; path = TensorFunction.hpp; sourceTree = "<group>"; };
		76F336D727A816E200E3AEF1 /* ExclusivelyOwned.cpp */ = {isa = PBXFileReference; lastKnownFileType = sourcecode.cpp.cpp; path = ExclusivelyOwned.cpp; sourceTree = "<group>"; };
		76F336D827A816E200E3AEF1 /* ExclusivelyOwned.hpp */ = {isa = PBXFileReference; lastKnownFileType = sourcecode.cpp.h; path = ExclusivelyOwned.hpp; sourceTree = "<group>"; };
		76F336DA27A817D000E3AEF1 /* in_place.hpp */ = {isa = PBXFileReference; lastKnownFileType = sourcecode.cpp.h; path = in_place.hpp; sourceTree = "<group>"; };
		76F336DB27A8FCE600E3AEF1 /* EmptyTensor.cpp */ = {isa = PBXFileReference; lastKnownFileType = sourcecode.cpp.cpp; path = EmptyTensor.cpp; sourceTree = "<group>"; };
		76F336DC27A8FCE600E3AEF1 /* EmptyTensor.hpp */ = {isa = PBXFileReference; lastKnownFileType = sourcecode.cpp.h; path = EmptyTensor.hpp; sourceTree = "<group>"; };
		76F336DE27A90E8E00E3AEF1 /* TensorBase.cpp */ = {isa = PBXFileReference; lastKnownFileType = sourcecode.cpp.cpp; path = TensorBase.cpp; sourceTree = "<group>"; };
		76F336DF27A90E8E00E3AEF1 /* TensorBase.hpp */ = {isa = PBXFileReference; lastKnownFileType = sourcecode.cpp.h; path = TensorBase.hpp; sourceTree = "<group>"; };
		76F336E127AD6DB000E3AEF1 /* RefPtr.cpp */ = {isa = PBXFileReference; lastKnownFileType = sourcecode.cpp.cpp; path = RefPtr.cpp; sourceTree = "<group>"; };
		76F336E227AD6DB000E3AEF1 /* RefPtr.hpp */ = {isa = PBXFileReference; lastKnownFileType = sourcecode.cpp.h; path = RefPtr.hpp; sourceTree = "<group>"; };
		76F336E427AEA7E300E3AEF1 /* TensorOperator.cpp */ = {isa = PBXFileReference; lastKnownFileType = sourcecode.cpp.cpp; path = TensorOperator.cpp; sourceTree = "<group>"; };
		76F336E527AEA7E300E3AEF1 /* TensorOperator.hpp */ = {isa = PBXFileReference; lastKnownFileType = sourcecode.cpp.h; path = TensorOperator.hpp; sourceTree = "<group>"; };
		76F336E727AED61100E3AEF1 /* ScalarOps.cpp */ = {isa = PBXFileReference; lastKnownFileType = sourcecode.cpp.cpp; path = ScalarOps.cpp; sourceTree = "<group>"; };
		76F336E827AED61100E3AEF1 /* ScalarOps.hpp */ = {isa = PBXFileReference; lastKnownFileType = sourcecode.cpp.h; path = ScalarOps.hpp; sourceTree = "<group>"; };
		76F336EA27AEEC9400E3AEF1 /* UnaryOps.cpp */ = {isa = PBXFileReference; lastKnownFileType = sourcecode.cpp.cpp; path = UnaryOps.cpp; sourceTree = "<group>"; };
		76F336EB27AEEC9400E3AEF1 /* UnaryOps.hpp */ = {isa = PBXFileReference; lastKnownFileType = sourcecode.cpp.h; path = UnaryOps.hpp; sourceTree = "<group>"; };
		76F336ED27AEF75000E3AEF1 /* UnaryOpsKernel.cpp */ = {isa = PBXFileReference; lastKnownFileType = sourcecode.cpp.cpp; path = UnaryOpsKernel.cpp; sourceTree = "<group>"; };
		76F336EE27AEF75000E3AEF1 /* UnaryOpsKernel.hpp */ = {isa = PBXFileReference; lastKnownFileType = sourcecode.cpp.h; path = UnaryOpsKernel.hpp; sourceTree = "<group>"; };
		76F336F027AF133300E3AEF1 /* TensorConversion.cpp */ = {isa = PBXFileReference; lastKnownFileType = sourcecode.cpp.cpp; path = TensorConversion.cpp; sourceTree = "<group>"; };
		76F336F127AF133300E3AEF1 /* TensorConversion.hpp */ = {isa = PBXFileReference; lastKnownFileType = sourcecode.cpp.h; path = TensorConversion.hpp; sourceTree = "<group>"; };
		76F3377F27B3068E00E3AEF1 /* OTensor.hpp */ = {isa = PBXFileReference; lastKnownFileType = sourcecode.cpp.h; path = OTensor.hpp; sourceTree = "<group>"; };
		76F3378027B3AA7B00E3AEF1 /* Math.cpp */ = {isa = PBXFileReference; lastKnownFileType = sourcecode.cpp.cpp; path = Math.cpp; sourceTree = "<group>"; };
		76F3378127B3AA7B00E3AEF1 /* Math.hpp */ = {isa = PBXFileReference; lastKnownFileType = sourcecode.cpp.h; path = Math.hpp; sourceTree = "<group>"; };
/* End PBXFileReference section */

/* Begin PBXFrameworksBuildPhase section */
		76E6C50427A502680036A26F /* Frameworks */ = {
			isa = PBXFrameworksBuildPhase;
			buildActionMask = 2147483647;
			files = (
				7620AF8327B583570081C210 /* libomp.dylib in Frameworks */,
			);
			runOnlyForDeploymentPostprocessing = 0;
		};
/* End PBXFrameworksBuildPhase section */

/* Begin PBXGroup section */
		76E6C4FE27A502680036A26F = {
			isa = PBXGroup;
			children = (
				76E6C50927A502680036A26F /* Tensor */,
				76E6C50827A502680036A26F /* Products */,
				76E6C53527A50F4A0036A26F /* Frameworks */,
			);
			sourceTree = "<group>";
		};
		76E6C50827A502680036A26F /* Products */ = {
			isa = PBXGroup;
			children = (
				76E6C50727A502680036A26F /* Tensor */,
			);
			name = Products;
			sourceTree = "<group>";
		};
		76E6C50927A502680036A26F /* Tensor */ = {
			isa = PBXGroup;
			children = (
				76E6C50A27A502680036A26F /* main.cpp */,
				76E6C51127A502A30036A26F /* Tensor.cpp */,
				76E6C51227A502A30036A26F /* Tensor.hpp */,
				76E6C51427A502F60036A26F /* Memory.cpp */,
				76E6C51527A502F60036A26F /* Memory.hpp */,
				76E6C51727A5038F0036A26F /* Allocator.cpp */,
				76E6C51827A5038F0036A26F /* Allocator.hpp */,
				76E6C51A27A504000036A26F /* DType.cpp */,
				76E6C51B27A504000036A26F /* DType.hpp */,
				76E6C51D27A504C80036A26F /* ScalarType.cpp */,
				76E6C51E27A504C80036A26F /* ScalarType.hpp */,
				76E6C52027A504FC0036A26F /* PerspectiveView.cpp */,
				76E6C52127A504FC0036A26F /* PerspectiveView.hpp */,
				76E6C52327A505250036A26F /* ArrayRef.cpp */,
				76E6C52427A505250036A26F /* ArrayRef.hpp */,
				76E6C52627A505700036A26F /* SmallVector.cpp */,
				76E6C52727A505700036A26F /* SmallVector.hpp */,
				76E6C52927A505D50036A26F /* MaybeOwned.cpp */,
				76E6C52A27A505D50036A26F /* MaybeOwned.hpp */,
				76E6C52C27A505FE0036A26F /* TensorOptions.cpp */,
				76E6C52D27A505FE0036A26F /* TensorOptions.hpp */,
				76E6C52F27A506C50036A26F /* TensorFactory.cpp */,
				76E6C53027A506C50036A26F /* TensorFactory.hpp */,
				76E6C53227A506E90036A26F /* Accumulator.cpp */,
				76E6C53327A506E90036A26F /* Accumulator.hpp */,
				76E6C53827A510F30036A26F /* Parallel.cpp */,
				76E6C53927A510F30036A26F /* Parallel.hpp */,
				76E6C53B27A511570036A26F /* Config.hpp */,
				76E6C53C27A511B50036A26F /* ParallelOpenMP.cpp */,
				76E6C53D27A511B50036A26F /* ParallelOpenMP.hpp */,
				76E6C53F27A512090036A26F /* Parallel-inline.hpp */,
				76E6C54027A5124A0036A26F /* ThreadPool.cpp */,
				76E6C54127A5124A0036A26F /* ThreadPool.hpp */,
				76E6C54327A5132B0036A26F /* Utils.cpp */,
				76E6C54427A5132B0036A26F /* Utils.hpp */,
				76E6C54627A513A10036A26F /* TensorIterator.cpp */,
				76E6C54727A513A10036A26F /* TensorIterator.hpp */,
				76E6C54927A513D50036A26F /* SmallBuffer.cpp */,
				76E6C54A27A513D50036A26F /* SmallBuffer.hpp */,
				76E6C54C27A53AAA0036A26F /* TensorResize.cpp */,
				76E6C54D27A53AAA0036A26F /* TensorResize.hpp */,
				76E6C54F27A553550036A26F /* FunctionRef.cpp */,
				76E6C55027A553550036A26F /* FunctionRef.hpp */,
				76E6C55227A578980036A26F /* Loop.cpp */,
				76E6C55327A578980036A26F /* Loop.hpp */,
				76E6C55527A57AAD0036A26F /* Function_Trait.cpp */,
				76E6C55627A57AAD0036A26F /* Function_Trait.hpp */,
				76E6C55827A57BE00036A26F /* C++17.cpp */,
				76E6C55927A57BE00036A26F /* C++17.hpp */,
				76F336BC27A5B52300E3AEF1 /* BinaryOpsKernel.cpp */,
				76F336BD27A5B52300E3AEF1 /* BinaryOpsKernel.hpp */,
				76F336BF27A5B61E00E3AEF1 /* Scalar.cpp */,
				76F336C027A5B61E00E3AEF1 /* Scalar.hpp */,
				76F336C227A5B9B800E3AEF1 /* Dispatch.cpp */,
				76F336C327A5B9B800E3AEF1 /* Dispatch.hpp */,
				76F336C527A5CEEC00E3AEF1 /* DispatchStub.cpp */,
				76F336C627A5CEEC00E3AEF1 /* DispatchStub.hpp */,
				76F336C827A5D02700E3AEF1 /* Device.cpp */,
				76F336C927A5D02700E3AEF1 /* Device.hpp */,
				76F336CB27A5D17E00E3AEF1 /* BinaryOps.cpp */,
				76F336CC27A5D17E00E3AEF1 /* BinaryOps.hpp */,
				76F336CE27A660D800E3AEF1 /* Fill.cpp */,
				76F336CF27A660D800E3AEF1 /* Fill.hpp */,
				76F336D127A668D900E3AEF1 /* FillKernel.cpp */,
				76F336D227A668D900E3AEF1 /* FillKernel.hpp */,
				76F336D427A7AD1600E3AEF1 /* TensorFunction.cpp */,
				76F336D527A7AD1600E3AEF1 /* TensorFunction.hpp */,
				76F336D727A816E200E3AEF1 /* ExclusivelyOwned.cpp */,
				76F336D827A816E200E3AEF1 /* ExclusivelyOwned.hpp */,
				76F336DA27A817D000E3AEF1 /* in_place.hpp */,
				76F336DB27A8FCE600E3AEF1 /* EmptyTensor.cpp */,
				76F336DC27A8FCE600E3AEF1 /* EmptyTensor.hpp */,
				76F336DE27A90E8E00E3AEF1 /* TensorBase.cpp */,
				76F336DF27A90E8E00E3AEF1 /* TensorBase.hpp */,
				76F336E127AD6DB000E3AEF1 /* RefPtr.cpp */,
				76F336E227AD6DB000E3AEF1 /* RefPtr.hpp */,
				76F336E427AEA7E300E3AEF1 /* TensorOperator.cpp */,
				76F336E527AEA7E300E3AEF1 /* TensorOperator.hpp */,
				76F336E727AED61100E3AEF1 /* ScalarOps.cpp */,
				76F336E827AED61100E3AEF1 /* ScalarOps.hpp */,
				76F336EA27AEEC9400E3AEF1 /* UnaryOps.cpp */,
				76F336EB27AEEC9400E3AEF1 /* UnaryOps.hpp */,
				76F336ED27AEF75000E3AEF1 /* UnaryOpsKernel.cpp */,
				76F336EE27AEF75000E3AEF1 /* UnaryOpsKernel.hpp */,
				76F336F027AF133300E3AEF1 /* TensorConversion.cpp */,
				76F336F127AF133300E3AEF1 /* TensorConversion.hpp */,
				76F3377F27B3068E00E3AEF1 /* OTensor.hpp */,
				76F3378027B3AA7B00E3AEF1 /* Math.cpp */,
				76F3378127B3AA7B00E3AEF1 /* Math.hpp */,
				7620AF6C27B4060A0081C210 /* RangeFactory.cpp */,
				7620AF6D27B4060A0081C210 /* RangeFactory.hpp */,
				7620AF6F27B406F70081C210 /* RangeFactoryKernel.cpp */,
				7620AF7027B406F70081C210 /* RangeFactoryKernel.hpp */,
				7620AF7227B4F3F50081C210 /* TensorMaker.cpp */,
				7620AF7327B4F3F50081C210 /* TensorMaker.hpp */,
				7620AF7527B536330081C210 /* TensorCopy.cpp */,
				7620AF7627B536330081C210 /* TensorCopy.hpp */,
				7620AF7827B53BAE0081C210 /* TensorCopyKernel.cpp */,
				7620AF7927B53BAE0081C210 /* TensorCopyKernel.hpp */,
				7620AF7B27B53DF90081C210 /* TypeCast.hpp */,
				7620AF7C27B550200081C210 /* TensorShape.cpp */,
				7620AF7D27B550200081C210 /* TensorShape.hpp */,
				7620AF7F27B552B20081C210 /* WarpDimUtils.cpp */,
				7620AF8027B552B20081C210 /* WarpDimUtils.hpp */,
				7620AF8427B589990081C210 /* Formatting.cpp */,
				7620AF8527B589990081C210 /* Formatting.hpp */,
				7620AF8727B593C00081C210 /* TensorUtils.cpp */,
				7620AF8827B593C00081C210 /* TensorUtils.hpp */,
				76F0063827B64D63009D67F5 /* TensorBlas.cpp */,
				76F0063927B64D63009D67F5 /* TensorBlas.hpp */,
				76F0063E27B66DEF009D67F5 /* MemoryFormat.cpp */,
				76F0063F27B66DEF009D67F5 /* MemoryFormat.hpp */,
				76F0064127B67E4C009D67F5 /* TensorProperties.cpp */,
				76F0064227B67E4C009D67F5 /* TensorProperties.hpp */,
				76F0064427B6BF60009D67F5 /* TensorLinearAlgebra.cpp */,
				76F0064527B6BF60009D67F5 /* TensorLinearAlgebra.hpp */,
				76F0064727B6CCA9009D67F5 /* TensorBlasKernel.cpp */,
				76F0064827B6CCA9009D67F5 /* TensorBlasKernel.hpp */,
				76F0064A27B7FC09009D67F5 /* ExpandUtils.cpp */,
				76F0064B27B7FC09009D67F5 /* ExpandUtils.hpp */,
				762E3B2B27BACA050075F983 /* TensorAccessor.cpp */,
				762E3B2C27BACA050075F983 /* TensorAccessor.hpp */,
			);
			path = Tensor;
			sourceTree = "<group>";
		};
		76E6C53527A50F4A0036A26F /* Frameworks */ = {
			isa = PBXGroup;
			children = (
				7620AF8227B583570081C210 /* libomp.dylib */,
				76E6C53627A50F4A0036A26F /* libomp.dylib */,
			);
			name = Frameworks;
			sourceTree = "<group>";
		};
/* End PBXGroup section */

/* Begin PBXNativeTarget section */
		76E6C50627A502680036A26F /* Tensor */ = {
			isa = PBXNativeTarget;
			buildConfigurationList = 76E6C50E27A502680036A26F /* Build configuration list for PBXNativeTarget "Tensor" */;
			buildPhases = (
				76E6C50327A502680036A26F /* Sources */,
				76E6C50427A502680036A26F /* Frameworks */,
				76E6C50527A502680036A26F /* CopyFiles */,
			);
			buildRules = (
			);
			dependencies = (
			);
			name = Tensor;
			productName = Tensor;
			productReference = 76E6C50727A502680036A26F /* Tensor */;
			productType = "com.apple.product-type.tool";
		};
/* End PBXNativeTarget section */

/* Begin PBXProject section */
		76E6C4FF27A502680036A26F /* Project object */ = {
			isa = PBXProject;
			attributes = {
				BuildIndependentTargetsInParallel = 1;
				LastUpgradeCheck = 1310;
				TargetAttributes = {
					76E6C50627A502680036A26F = {
						CreatedOnToolsVersion = 13.1;
					};
				};
			};
			buildConfigurationList = 76E6C50227A502680036A26F /* Build configuration list for PBXProject "Tensor" */;
			compatibilityVersion = "Xcode 13.0";
			developmentRegion = en;
			hasScannedForEncodings = 0;
			knownRegions = (
				en,
				Base,
			);
			mainGroup = 76E6C4FE27A502680036A26F;
			productRefGroup = 76E6C50827A502680036A26F /* Products */;
			projectDirPath = "";
			projectRoot = "";
			targets = (
				76E6C50627A502680036A26F /* Tensor */,
			);
		};
/* End PBXProject section */

/* Begin PBXSourcesBuildPhase section */
		76E6C50327A502680036A26F /* Sources */ = {
			isa = PBXSourcesBuildPhase;
			buildActionMask = 2147483647;
			files = (
				76E6C53427A506E90036A26F /* Accumulator.cpp in Sources */,
				76E6C54227A5124A0036A26F /* ThreadPool.cpp in Sources */,
				76F336CA27A5D02700E3AEF1 /* Device.cpp in Sources */,
				76F336D927A816E200E3AEF1 /* ExclusivelyOwned.cpp in Sources */,
				76F336EF27AEF75000E3AEF1 /* UnaryOpsKernel.cpp in Sources */,
				76E6C54E27A53AAA0036A26F /* TensorResize.cpp in Sources */,
				7620AF8127B552B20081C210 /* WarpDimUtils.cpp in Sources */,
				76F336F227AF133300E3AEF1 /* TensorConversion.cpp in Sources */,
				76E6C55A27A57BE00036A26F /* C++17.cpp in Sources */,
				7620AF8627B5899A0081C210 /* Formatting.cpp in Sources */,
				76F0063A27B64D63009D67F5 /* TensorBlas.cpp in Sources */,
				76F0064C27B7FC09009D67F5 /* ExpandUtils.cpp in Sources */,
				7620AF7E27B550200081C210 /* TensorShape.cpp in Sources */,
				76F0064027B66DEF009D67F5 /* MemoryFormat.cpp in Sources */,
				76F336BE27A5B52300E3AEF1 /* BinaryOpsKernel.cpp in Sources */,
				76E6C55127A553550036A26F /* FunctionRef.cpp in Sources */,
				76F336D327A668D900E3AEF1 /* FillKernel.cpp in Sources */,
				7620AF7127B406F70081C210 /* RangeFactoryKernel.cpp in Sources */,
				7620AF7A27B53BAE0081C210 /* TensorCopyKernel.cpp in Sources */,
				76E6C51627A502F60036A26F /* Memory.cpp in Sources */,
				76E6C54527A5132B0036A26F /* Utils.cpp in Sources */,
				762E3B2D27BACA050075F983 /* TensorAccessor.cpp in Sources */,
				76E6C52527A505250036A26F /* ArrayRef.cpp in Sources */,
				76E6C54B27A513D50036A26F /* SmallBuffer.cpp in Sources */,
				7620AF8927B593C00081C210 /* TensorUtils.cpp in Sources */,
				76E6C53E27A511B50036A26F /* ParallelOpenMP.cpp in Sources */,
				76F336E927AED61200E3AEF1 /* ScalarOps.cpp in Sources */,
				76E6C54827A513A10036A26F /* TensorIterator.cpp in Sources */,
				76E6C55727A57AAD0036A26F /* Function_Trait.cpp in Sources */,
				76F336D027A660D800E3AEF1 /* Fill.cpp in Sources */,
				76F336E027A90E8E00E3AEF1 /* TensorBase.cpp in Sources */,
				76F336C127A5B61E00E3AEF1 /* Scalar.cpp in Sources */,
				76F336CD27A5D17E00E3AEF1 /* BinaryOps.cpp in Sources */,
				76F0064927B6CCA9009D67F5 /* TensorBlasKernel.cpp in Sources */,
				76E6C51F27A504C80036A26F /* ScalarType.cpp in Sources */,
				76F336EC27AEEC9500E3AEF1 /* UnaryOps.cpp in Sources */,
				76F336C727A5CEEC00E3AEF1 /* DispatchStub.cpp in Sources */,
				7620AF6E27B4060A0081C210 /* RangeFactory.cpp in Sources */,
				76E6C52E27A505FE0036A26F /* TensorOptions.cpp in Sources */,
				7620AF7427B4F3F50081C210 /* TensorMaker.cpp in Sources */,
				76E6C51C27A504000036A26F /* DType.cpp in Sources */,
				76F336E627AEA7E400E3AEF1 /* TensorOperator.cpp in Sources */,
				7620AF7727B536330081C210 /* TensorCopy.cpp in Sources */,
				76F0064627B6BF60009D67F5 /* TensorLinearAlgebra.cpp in Sources */,
				76F336C427A5B9B800E3AEF1 /* Dispatch.cpp in Sources */,
				76E6C53A27A510F30036A26F /* Parallel.cpp in Sources */,
				76F336E327AD6DB000E3AEF1 /* RefPtr.cpp in Sources */,
				76F3378227B3AA7B00E3AEF1 /* Math.cpp in Sources */,
				76E6C51327A502A30036A26F /* Tensor.cpp in Sources */,
				76E6C52827A505700036A26F /* SmallVector.cpp in Sources */,
				76E6C50B27A502680036A26F /* main.cpp in Sources */,
				76E6C51927A5038F0036A26F /* Allocator.cpp in Sources */,
				76E6C53127A506C50036A26F /* TensorFactory.cpp in Sources */,
				76E6C52B27A505D50036A26F /* MaybeOwned.cpp in Sources */,
				76E6C52227A504FC0036A26F /* PerspectiveView.cpp in Sources */,
				76E6C55427A578980036A26F /* Loop.cpp in Sources */,
				76F0064327B67E4C009D67F5 /* TensorProperties.cpp in Sources */,
				76F336D627A7AD1600E3AEF1 /* TensorFunction.cpp in Sources */,
				76F336DD27A8FCE600E3AEF1 /* EmptyTensor.cpp in Sources */,
			);
			runOnlyForDeploymentPostprocessing = 0;
		};
/* End PBXSourcesBuildPhase section */

/* Begin XCBuildConfiguration section */
		76E6C50C27A502680036A26F /* Debug */ = {
			isa = XCBuildConfiguration;
			buildSettings = {
				ALWAYS_SEARCH_USER_PATHS = NO;
				CLANG_ANALYZER_NONNULL = YES;
				CLANG_ANALYZER_NUMBER_OBJECT_CONVERSION = YES_AGGRESSIVE;
				CLANG_CXX_LANGUAGE_STANDARD = "gnu++17";
				CLANG_CXX_LIBRARY = "libc++";
				CLANG_ENABLE_MODULES = YES;
				CLANG_ENABLE_OBJC_ARC = YES;
				CLANG_ENABLE_OBJC_WEAK = YES;
				CLANG_WARN_BLOCK_CAPTURE_AUTORELEASING = YES;
				CLANG_WARN_BOOL_CONVERSION = YES;
				CLANG_WARN_COMMA = YES;
				CLANG_WARN_CONSTANT_CONVERSION = YES;
				CLANG_WARN_DEPRECATED_OBJC_IMPLEMENTATIONS = YES;
				CLANG_WARN_DIRECT_OBJC_ISA_USAGE = YES_ERROR;
				CLANG_WARN_DOCUMENTATION_COMMENTS = YES;
				CLANG_WARN_EMPTY_BODY = YES;
				CLANG_WARN_ENUM_CONVERSION = YES;
				CLANG_WARN_INFINITE_RECURSION = YES;
				CLANG_WARN_INT_CONVERSION = YES;
				CLANG_WARN_NON_LITERAL_NULL_CONVERSION = YES;
				CLANG_WARN_OBJC_IMPLICIT_RETAIN_SELF = YES;
				CLANG_WARN_OBJC_LITERAL_CONVERSION = YES;
				CLANG_WARN_OBJC_ROOT_CLASS = YES_ERROR;
				CLANG_WARN_QUOTED_INCLUDE_IN_FRAMEWORK_HEADER = YES;
				CLANG_WARN_RANGE_LOOP_ANALYSIS = YES;
				CLANG_WARN_STRICT_PROTOTYPES = YES;
				CLANG_WARN_SUSPICIOUS_MOVE = YES;
				CLANG_WARN_UNGUARDED_AVAILABILITY = YES_AGGRESSIVE;
				CLANG_WARN_UNREACHABLE_CODE = YES;
				CLANG_WARN__DUPLICATE_METHOD_MATCH = YES;
				COPY_PHASE_STRIP = NO;
				DEBUG_INFORMATION_FORMAT = dwarf;
				ENABLE_STRICT_OBJC_MSGSEND = YES;
				ENABLE_TESTABILITY = YES;
				GCC_C_LANGUAGE_STANDARD = gnu11;
				GCC_DYNAMIC_NO_PIC = NO;
				GCC_NO_COMMON_BLOCKS = YES;
				GCC_OPTIMIZATION_LEVEL = 0;
				GCC_PREPROCESSOR_DEFINITIONS = (
					"DEBUG=1",
					"$(inherited)",
				);
				GCC_WARN_64_TO_32_BIT_CONVERSION = YES;
				GCC_WARN_ABOUT_RETURN_TYPE = YES_ERROR;
				GCC_WARN_UNDECLARED_SELECTOR = YES;
				GCC_WARN_UNINITIALIZED_AUTOS = YES_AGGRESSIVE;
				GCC_WARN_UNUSED_FUNCTION = YES;
				GCC_WARN_UNUSED_VARIABLE = YES;
				MACOSX_DEPLOYMENT_TARGET = 11.6;
				MTL_ENABLE_DEBUG_INFO = INCLUDE_SOURCE;
				MTL_FAST_MATH = YES;
				ONLY_ACTIVE_ARCH = YES;
				SDKROOT = macosx;
			};
			name = Debug;
		};
		76E6C50D27A502680036A26F /* Release */ = {
			isa = XCBuildConfiguration;
			buildSettings = {
				ALWAYS_SEARCH_USER_PATHS = NO;
				CLANG_ANALYZER_NONNULL = YES;
				CLANG_ANALYZER_NUMBER_OBJECT_CONVERSION = YES_AGGRESSIVE;
				CLANG_CXX_LANGUAGE_STANDARD = "gnu++17";
				CLANG_CXX_LIBRARY = "libc++";
				CLANG_ENABLE_MODULES = YES;
				CLANG_ENABLE_OBJC_ARC = YES;
				CLANG_ENABLE_OBJC_WEAK = YES;
				CLANG_WARN_BLOCK_CAPTURE_AUTORELEASING = YES;
				CLANG_WARN_BOOL_CONVERSION = YES;
				CLANG_WARN_COMMA = YES;
				CLANG_WARN_CONSTANT_CONVERSION = YES;
				CLANG_WARN_DEPRECATED_OBJC_IMPLEMENTATIONS = YES;
				CLANG_WARN_DIRECT_OBJC_ISA_USAGE = YES_ERROR;
				CLANG_WARN_DOCUMENTATION_COMMENTS = YES;
				CLANG_WARN_EMPTY_BODY = YES;
				CLANG_WARN_ENUM_CONVERSION = YES;
				CLANG_WARN_INFINITE_RECURSION = YES;
				CLANG_WARN_INT_CONVERSION = YES;
				CLANG_WARN_NON_LITERAL_NULL_CONVERSION = YES;
				CLANG_WARN_OBJC_IMPLICIT_RETAIN_SELF = YES;
				CLANG_WARN_OBJC_LITERAL_CONVERSION = YES;
				CLANG_WARN_OBJC_ROOT_CLASS = YES_ERROR;
				CLANG_WARN_QUOTED_INCLUDE_IN_FRAMEWORK_HEADER = YES;
				CLANG_WARN_RANGE_LOOP_ANALYSIS = YES;
				CLANG_WARN_STRICT_PROTOTYPES = YES;
				CLANG_WARN_SUSPICIOUS_MOVE = YES;
				CLANG_WARN_UNGUARDED_AVAILABILITY = YES_AGGRESSIVE;
				CLANG_WARN_UNREACHABLE_CODE = YES;
				CLANG_WARN__DUPLICATE_METHOD_MATCH = YES;
				COPY_PHASE_STRIP = NO;
				DEBUG_INFORMATION_FORMAT = "dwarf-with-dsym";
				ENABLE_NS_ASSERTIONS = NO;
				ENABLE_STRICT_OBJC_MSGSEND = YES;
				GCC_C_LANGUAGE_STANDARD = gnu11;
				GCC_NO_COMMON_BLOCKS = YES;
				GCC_WARN_64_TO_32_BIT_CONVERSION = YES;
				GCC_WARN_ABOUT_RETURN_TYPE = YES_ERROR;
				GCC_WARN_UNDECLARED_SELECTOR = YES;
				GCC_WARN_UNINITIALIZED_AUTOS = YES_AGGRESSIVE;
				GCC_WARN_UNUSED_FUNCTION = YES;
				GCC_WARN_UNUSED_VARIABLE = YES;
				MACOSX_DEPLOYMENT_TARGET = 11.6;
				MTL_ENABLE_DEBUG_INFO = NO;
				MTL_FAST_MATH = YES;
				SDKROOT = macosx;
			};
			name = Release;
		};
		76E6C50F27A502680036A26F /* Debug */ = {
			isa = XCBuildConfiguration;
			buildSettings = {
				CC = /usr/local/opt/llvm/bin/clang;
				CLANG_ENABLE_MODULES = NO;
				CODE_SIGN_STYLE = Automatic;
				COMPILER_INDEX_STORE_ENABLE = NO;
				GCC_OPTIMIZATION_LEVEL = s;
				HEADER_SEARCH_PATHS = /usr/local/opt/llvm/lib/clang/13.0.1/include;
				LIBRARY_SEARCH_PATHS = /usr/local/Cellar/llvm/13.0.1/lib;
				OTHER_CFLAGS = (
					"-Xclang",
					"-fopenmp",
				);
				PRODUCT_NAME = "$(TARGET_NAME)";
			};
			name = Debug;
		};
		76E6C51027A502680036A26F /* Release */ = {
			isa = XCBuildConfiguration;
			buildSettings = {
				CC = /usr/local/opt/llvm/bin/clang;
				CLANG_ENABLE_MODULES = NO;
				CODE_SIGN_STYLE = Automatic;
				COMPILER_INDEX_STORE_ENABLE = NO;
				GCC_OPTIMIZATION_LEVEL = s;
				HEADER_SEARCH_PATHS = /usr/local/opt/llvm/lib/clang/13.0.1/include;
				LIBRARY_SEARCH_PATHS = /usr/local/Cellar/llvm/13.0.1/lib;
				OTHER_CFLAGS = (
					"-Xclang",
					"-fopenmp",
				);
				PRODUCT_NAME = "$(TARGET_NAME)";
			};
			name = Release;
		};
/* End XCBuildConfiguration section */

/* Begin XCConfigurationList section */
		76E6C50227A502680036A26F /* Build configuration list for PBXProject "Tensor" */ = {
			isa = XCConfigurationList;
			buildConfigurations = (
				76E6C50C27A502680036A26F /* Debug */,
				76E6C50D27A502680036A26F /* Release */,
			);
			defaultConfigurationIsVisible = 0;
			defaultConfigurationName = Release;
		};
		76E6C50E27A502680036A26F /* Build configuration list for PBXNativeTarget "Tensor" */ = {
			isa = XCConfigurationList;
			buildConfigurations = (
				76E6C50F27A502680036A26F /* Debug */,
				76E6C51027A502680036A26F /* Release */,
			);
			defaultConfigurationIsVisible = 0;
			defaultConfigurationName = Release;
		};
/* End XCConfigurationList section */
	};
	rootObject = 76E6C4FF27A502680036A26F /* Project object */;
}
